dependencies:
- name: redis
  repository: https://charts.bitnami.com/bitnami
  version: 18.0.4
- name: webapp
  repository: https://charts.inalix.com/
  version: 0.1.0
- name: worker
  repository: https://charts.inalix.com/
  version: 0.1.1
- name: daphne
  repository: https://charts.inalix.com/
  version: 0.1.0
digest: sha256:e5182e587bf81a008f1642152ee91554b76d8dbd939f6242c6a00812383d5fee
generated: "2023-09-18T04:25:00.52707589+07:00"
