dependencies:
- name: redis
  repository: https://charts.bitnami.com/bitnami
  version: 18.0.4
- name: webapp
  repository: https://charts.inalix.com/
  version: 0.1.0
- name: worker
  repository: https://charts.inalix.com/
  version: 0.1.1
- name: daphne
  repository: https://charts.inalix.com/
  version: 0.1.1
digest: sha256:0eb942d286c892aae56d6df6c479ae2714db6b7acd02096756a8a7fc66c1372e
generated: "2023-09-18T04:27:36.667596275+07:00"
