dependencies:
- name: pgadmin4
  repository: https://helm.runix.net/
  version: 1.17.3
- name: redis
  repository: https://charts.bitnami.com/bitnami
  version: 18.0.4
- name: cloudnative-pg
  repository: https://cloudnative-pg.github.io/charts
  version: 0.18.2
- name: minio
  repository: https://charts.bitnami.com/bitnami
  version: 12.8.4
digest: sha256:e1d67ca049a06bea84bd5c81ce023b24dd69c7ee462130e1771ab3e9df57a801
generated: "2023-09-15T19:22:02.984541993+07:00"
